// !$*UTF8*$!
{
	archiveVersion = 1;
	classes = {
	};
	objectVersion = 50;
	objects = {

/* Begin PBXBuildFile section */
		170C6E0A268AD47200753DC1 /* Localizable.strings in Resources */ = {isa = PBXBuildFile; fileRef = 170C6E0C268AD47200753DC1 /* Localizable.strings */; };
		170C8526265D1A8E00222777 /* AppDelegate.swift in Sources */ = {isa = PBXBuildFile; fileRef = 170C8525265D1A8E00222777 /* AppDelegate.swift */; };
		170C852A265D1A8E00222777 /* CalcViewController.swift in Sources */ = {isa = PBXBuildFile; fileRef = 170C8529265D1A8E00222777 /* CalcViewController.swift */; };
		170C852D265D1A8E00222777 /* Main.storyboard in Resources */ = {isa = PBXBuildFile; fileRef = 170C852B265D1A8E00222777 /* Main.storyboard */; };
		170C852F265D1A8F00222777 /* Assets.xcassets in Resources */ = {isa = PBXBuildFile; fileRef = 170C852E265D1A8F00222777 /* Assets.xcassets */; };
		170C8532265D1A8F00222777 /* LaunchScreen.storyboard in Resources */ = {isa = PBXBuildFile; fileRef = 170C8530265D1A8F00222777 /* LaunchScreen.storyboard */; };
		170C853D265D3C0300222777 /* CalcText.swift in Sources */ = {isa = PBXBuildFile; fileRef = 170C853C265D3C0300222777 /* CalcText.swift */; };
		170C8540265D463A00222777 /* CalcButton.swift in Sources */ = {isa = PBXBuildFile; fileRef = 170C853F265D463A00222777 /* CalcButton.swift */; };
		171DB2C3266E00FB00859F37 /* MainViewController.swift in Sources */ = {isa = PBXBuildFile; fileRef = 171DB2C2266E00FB00859F37 /* MainViewController.swift */; };
		171DB2C6266E118000859F37 /* sidemenu.png in Resources */ = {isa = PBXBuildFile; fileRef = 171DB2C5266E118000859F37 /* sidemenu.png */; };
		17764B1E26775FD3008D03BB /* StorageViewController.swift in Sources */ = {isa = PBXBuildFile; fileRef = 17764B1D26775FD3008D03BB /* StorageViewController.swift */; };
		17764B21267760B8008D03BB /* StorageCell.xib in Resources */ = {isa = PBXBuildFile; fileRef = 17764B20267760B8008D03BB /* StorageCell.xib */; };
		17764B2426776602008D03BB /* StorageCell.swift in Sources */ = {isa = PBXBuildFile; fileRef = 17764B2326776602008D03BB /* StorageCell.swift */; };
		177D59822670481A00612352 /* TryCatch.m in Sources */ = {isa = PBXBuildFile; fileRef = 177D59812670481A00612352 /* TryCatch.m */; };
		177D59872670B1B000612352 /* HistoryViewController.swift in Sources */ = {isa = PBXBuildFile; fileRef = 177D59862670B1B000612352 /* HistoryViewController.swift */; };
		177D598C26720D0900612352 /* HistoryModel.xcdatamodeld in Sources */ = {isa = PBXBuildFile; fileRef = 177D598A26720D0900612352 /* HistoryModel.xcdatamodeld */; };
		177D598F267235A300612352 /* HistoryManager.swift in Sources */ = {isa = PBXBuildFile; fileRef = 177D598E267235A300612352 /* HistoryManager.swift */; };
		177D59922673959E00612352 /* Date.swift in Sources */ = {isa = PBXBuildFile; fileRef = 177D59912673959E00612352 /* Date.swift */; };
		177EE3A92678D28500B37FB4 /* UIColor.swift in Sources */ = {isa = PBXBuildFile; fileRef = 177EE3A82678D28500B37FB4 /* UIColor.swift */; };
		17CDDF2B26897E7A00A43CC5 /* UIImage.swift in Sources */ = {isa = PBXBuildFile; fileRef = 17CDDF2A26897E7A00A43CC5 /* UIImage.swift */; };
		17E4A5B4265FAA1E0075B132 /* MenuViewController.swift in Sources */ = {isa = PBXBuildFile; fileRef = 17E4A5B3265FAA1E0075B132 /* MenuViewController.swift */; };
		17E4A5B726605CF60075B132 /* PositionViewController.swift in Sources */ = {isa = PBXBuildFile; fileRef = 17E4A5B626605CF60075B132 /* PositionViewController.swift */; };
/* End PBXBuildFile section */

/* Begin PBXFileReference section */
		170C6DA8268AD12A00753DC1 /* ko */ = {isa = PBXFileReference; lastKnownFileType = text.plist.strings; name = ko; path = ko.lproj/LaunchScreen.strings; sourceTree = "<group>"; };
		170C6E0B268AD47200753DC1 /* ko */ = {isa = PBXFileReference; lastKnownFileType = text.plist.strings; name = ko; path = ko.lproj/Localizable.strings; sourceTree = "<group>"; };
		170C6E0E268AD47800753DC1 /* en */ = {isa = PBXFileReference; lastKnownFileType = text.plist.strings; name = en; path = en.lproj/Localizable.strings; sourceTree = "<group>"; };
		170C8522265D1A8E00222777 /* SimCalc.app */ = {isa = PBXFileReference; explicitFileType = wrapper.application; includeInIndex = 0; path = SimCalc.app; sourceTree = BUILT_PRODUCTS_DIR; };
		170C8525265D1A8E00222777 /* AppDelegate.swift */ = {isa = PBXFileReference; lastKnownFileType = sourcecode.swift; path = AppDelegate.swift; sourceTree = "<group>"; };
		170C8529265D1A8E00222777 /* CalcViewController.swift */ = {isa = PBXFileReference; lastKnownFileType = sourcecode.swift; path = CalcViewController.swift; sourceTree = "<group>"; };
		170C852C265D1A8E00222777 /* Base */ = {isa = PBXFileReference; lastKnownFileType = file.storyboard; name = Base; path = Base.lproj/Main.storyboard; sourceTree = "<group>"; };
		170C852E265D1A8F00222777 /* Assets.xcassets */ = {isa = PBXFileReference; lastKnownFileType = folder.assetcatalog; path = Assets.xcassets; sourceTree = "<group>"; };
		170C8531265D1A8F00222777 /* Base */ = {isa = PBXFileReference; lastKnownFileType = file.storyboard; name = Base; path = Base.lproj/LaunchScreen.storyboard; sourceTree = "<group>"; };
		170C8533265D1A8F00222777 /* Info.plist */ = {isa = PBXFileReference; lastKnownFileType = text.plist.xml; path = Info.plist; sourceTree = "<group>"; };
		170C853C265D3C0300222777 /* CalcText.swift */ = {isa = PBXFileReference; lastKnownFileType = sourcecode.swift; path = CalcText.swift; sourceTree = "<group>"; };
		170C853F265D463A00222777 /* CalcButton.swift */ = {isa = PBXFileReference; lastKnownFileType = sourcecode.swift; path = CalcButton.swift; sourceTree = "<group>"; };
		171DB2C2266E00FB00859F37 /* MainViewController.swift */ = {isa = PBXFileReference; lastKnownFileType = sourcecode.swift; path = MainViewController.swift; sourceTree = "<group>"; };
		171DB2C5266E118000859F37 /* sidemenu.png */ = {isa = PBXFileReference; lastKnownFileType = image.png; path = sidemenu.png; sourceTree = "<group>"; };
		17764B1D26775FD3008D03BB /* StorageViewController.swift */ = {isa = PBXFileReference; indentWidth = 2; lastKnownFileType = sourcecode.swift; path = StorageViewController.swift; sourceTree = "<group>"; tabWidth = 2; };
		17764B20267760B8008D03BB /* StorageCell.xib */ = {isa = PBXFileReference; lastKnownFileType = file.xib; path = StorageCell.xib; sourceTree = "<group>"; };
		17764B2326776602008D03BB /* StorageCell.swift */ = {isa = PBXFileReference; lastKnownFileType = sourcecode.swift; path = StorageCell.swift; sourceTree = "<group>"; };
		177D59802670481900612352 /* SimCalc-Bridging-Header.h */ = {isa = PBXFileReference; lastKnownFileType = sourcecode.c.h; path = "SimCalc-Bridging-Header.h"; sourceTree = "<group>"; };
		177D59812670481A00612352 /* TryCatch.m */ = {isa = PBXFileReference; lastKnownFileType = sourcecode.c.objc; path = TryCatch.m; sourceTree = "<group>"; };
		177D59842670483600612352 /* TryCatch.h */ = {isa = PBXFileReference; lastKnownFileType = sourcecode.c.h; path = TryCatch.h; sourceTree = "<group>"; };
		177D59862670B1B000612352 /* HistoryViewController.swift */ = {isa = PBXFileReference; lastKnownFileType = sourcecode.swift; path = HistoryViewController.swift; sourceTree = "<group>"; };
		177D598B26720D0900612352 /* HistoryModel.xcdatamodel */ = {isa = PBXFileReference; lastKnownFileType = wrapper.xcdatamodel; path = HistoryModel.xcdatamodel; sourceTree = "<group>"; };
		177D598E267235A300612352 /* HistoryManager.swift */ = {isa = PBXFileReference; lastKnownFileType = sourcecode.swift; path = HistoryManager.swift; sourceTree = "<group>"; };
		177D59912673959E00612352 /* Date.swift */ = {isa = PBXFileReference; lastKnownFileType = sourcecode.swift; path = Date.swift; sourceTree = "<group>"; };
		177EE3A82678D28500B37FB4 /* UIColor.swift */ = {isa = PBXFileReference; lastKnownFileType = sourcecode.swift; path = UIColor.swift; sourceTree = "<group>"; };
		17CDDF2A26897E7A00A43CC5 /* UIImage.swift */ = {isa = PBXFileReference; lastKnownFileType = sourcecode.swift; path = UIImage.swift; sourceTree = "<group>"; };
		17E4A5B3265FAA1E0075B132 /* MenuViewController.swift */ = {isa = PBXFileReference; lastKnownFileType = sourcecode.swift; path = MenuViewController.swift; sourceTree = "<group>"; };
		17E4A5B626605CF60075B132 /* PositionViewController.swift */ = {isa = PBXFileReference; lastKnownFileType = sourcecode.swift; path = PositionViewController.swift; sourceTree = "<group>"; };
/* End PBXFileReference section */

/* Begin PBXFrameworksBuildPhase section */
		170C851F265D1A8E00222777 /* Frameworks */ = {
			isa = PBXFrameworksBuildPhase;
			buildActionMask = 2147483647;
			files = (
			);
			runOnlyForDeploymentPostprocessing = 0;
		};
/* End PBXFrameworksBuildPhase section */

/* Begin PBXGroup section */
		170C8519265D1A8E00222777 = {
			isa = PBXGroup;
			children = (
				170C8524265D1A8E00222777 /* SimCalc */,
				170C8523265D1A8E00222777 /* Products */,
			);
			sourceTree = "<group>";
		};
		170C8523265D1A8E00222777 /* Products */ = {
			isa = PBXGroup;
			children = (
				170C8522265D1A8E00222777 /* SimCalc.app */,
			);
			name = Products;
			sourceTree = "<group>";
		};
		170C8524265D1A8E00222777 /* SimCalc */ = {
			isa = PBXGroup;
			children = (
				170C8533265D1A8F00222777 /* Info.plist */,
				171DB2C5266E118000859F37 /* sidemenu.png */,
				170C852E265D1A8F00222777 /* Assets.xcassets */,
				170C8525265D1A8E00222777 /* AppDelegate.swift */,
				170C8530265D1A8F00222777 /* LaunchScreen.storyboard */,
				170C852B265D1A8E00222777 /* Main.storyboard */,
				171DB2C2266E00FB00859F37 /* MainViewController.swift */,
				170C8529265D1A8E00222777 /* CalcViewController.swift */,
				17E4A5B626605CF60075B132 /* PositionViewController.swift */,
				17E4A5B3265FAA1E0075B132 /* MenuViewController.swift */,
				177D59862670B1B000612352 /* HistoryViewController.swift */,
				177D598E267235A300612352 /* HistoryManager.swift */,
				17764B1D26775FD3008D03BB /* StorageViewController.swift */,
				17764B20267760B8008D03BB /* StorageCell.xib */,
				17764B2326776602008D03BB /* StorageCell.swift */,
				170C853C265D3C0300222777 /* CalcText.swift */,
				170C853F265D463A00222777 /* CalcButton.swift */,
				177D59812670481A00612352 /* TryCatch.m */,
				177D59842670483600612352 /* TryCatch.h */,
				177D59802670481900612352 /* SimCalc-Bridging-Header.h */,
				177D598A26720D0900612352 /* HistoryModel.xcdatamodeld */,
				177D59912673959E00612352 /* Date.swift */,
				177EE3A82678D28500B37FB4 /* UIColor.swift */,
				17CDDF2A26897E7A00A43CC5 /* UIImage.swift */,
				170C6E0C268AD47200753DC1 /* Localizable.strings */,
			);
			path = SimCalc;
			sourceTree = "<group>";
		};
/* End PBXGroup section */

/* Begin PBXNativeTarget section */
		170C8521265D1A8E00222777 /* SimCalc */ = {
			isa = PBXNativeTarget;
			buildConfigurationList = 170C8536265D1A8F00222777 /* Build configuration list for PBXNativeTarget "SimCalc" */;
			buildPhases = (
				170C851E265D1A8E00222777 /* Sources */,
				170C851F265D1A8E00222777 /* Frameworks */,
				170C8520265D1A8E00222777 /* Resources */,
			);
			buildRules = (
			);
			dependencies = (
			);
			name = SimCalc;
			productName = SimCalc;
			productReference = 170C8522265D1A8E00222777 /* SimCalc.app */;
			productType = "com.apple.product-type.application";
		};
/* End PBXNativeTarget section */

/* Begin PBXProject section */
		170C851A265D1A8E00222777 /* Project object */ = {
			isa = PBXProject;
			attributes = {
				LastSwiftUpdateCheck = 1240;
				LastUpgradeCheck = 1240;
				TargetAttributes = {
					170C8521265D1A8E00222777 = {
						CreatedOnToolsVersion = 12.4;
						LastSwiftMigration = 1240;
					};
				};
			};
			buildConfigurationList = 170C851D265D1A8E00222777 /* Build configuration list for PBXProject "SimCalc" */;
			compatibilityVersion = "Xcode 9.3";
			developmentRegion = en;
			hasScannedForEncodings = 0;
			knownRegions = (
				en,
				Base,
				ko,
			);
			mainGroup = 170C8519265D1A8E00222777;
			productRefGroup = 170C8523265D1A8E00222777 /* Products */;
			projectDirPath = "";
			projectRoot = "";
			targets = (
				170C8521265D1A8E00222777 /* SimCalc */,
			);
		};
/* End PBXProject section */

/* Begin PBXResourcesBuildPhase section */
		170C8520265D1A8E00222777 /* Resources */ = {
			isa = PBXResourcesBuildPhase;
			buildActionMask = 2147483647;
			files = (
				170C8532265D1A8F00222777 /* LaunchScreen.storyboard in Resources */,
				170C6E0A268AD47200753DC1 /* Localizable.strings in Resources */,
				171DB2C6266E118000859F37 /* sidemenu.png in Resources */,
				170C852F265D1A8F00222777 /* Assets.xcassets in Resources */,
				17764B21267760B8008D03BB /* StorageCell.xib in Resources */,
				170C852D265D1A8E00222777 /* Main.storyboard in Resources */,
			);
			runOnlyForDeploymentPostprocessing = 0;
		};
/* End PBXResourcesBuildPhase section */

/* Begin PBXSourcesBuildPhase section */
		170C851E265D1A8E00222777 /* Sources */ = {
			isa = PBXSourcesBuildPhase;
			buildActionMask = 2147483647;
			files = (
				171DB2C3266E00FB00859F37 /* MainViewController.swift in Sources */,
				170C853D265D3C0300222777 /* CalcText.swift in Sources */,
				177D598C26720D0900612352 /* HistoryModel.xcdatamodeld in Sources */,
				17E4A5B726605CF60075B132 /* PositionViewController.swift in Sources */,
				177EE3A92678D28500B37FB4 /* UIColor.swift in Sources */,
				17E4A5B4265FAA1E0075B132 /* MenuViewController.swift in Sources */,
				170C852A265D1A8E00222777 /* CalcViewController.swift in Sources */,
				170C8540265D463A00222777 /* CalcButton.swift in Sources */,
				17764B2426776602008D03BB /* StorageCell.swift in Sources */,
				17CDDF2B26897E7A00A43CC5 /* UIImage.swift in Sources */,
				177D59922673959E00612352 /* Date.swift in Sources */,
				177D59872670B1B000612352 /* HistoryViewController.swift in Sources */,
				177D598F267235A300612352 /* HistoryManager.swift in Sources */,
				17764B1E26775FD3008D03BB /* StorageViewController.swift in Sources */,
				170C8526265D1A8E00222777 /* AppDelegate.swift in Sources */,
				177D59822670481A00612352 /* TryCatch.m in Sources */,
			);
			runOnlyForDeploymentPostprocessing = 0;
		};
/* End PBXSourcesBuildPhase section */

/* Begin PBXVariantGroup section */
		170C6E0C268AD47200753DC1 /* Localizable.strings */ = {
			isa = PBXVariantGroup;
			children = (
				170C6E0B268AD47200753DC1 /* ko */,
				170C6E0E268AD47800753DC1 /* en */,
			);
			name = Localizable.strings;
			sourceTree = "<group>";
		};
		170C852B265D1A8E00222777 /* Main.storyboard */ = {
			isa = PBXVariantGroup;
			children = (
				170C852C265D1A8E00222777 /* Base */,
			);
			name = Main.storyboard;
			sourceTree = "<group>";
		};
		170C8530265D1A8F00222777 /* LaunchScreen.storyboard */ = {
			isa = PBXVariantGroup;
			children = (
				170C8531265D1A8F00222777 /* Base */,
				170C6DA8268AD12A00753DC1 /* ko */,
			);
			name = LaunchScreen.storyboard;
			sourceTree = "<group>";
		};
/* End PBXVariantGroup section */

/* Begin XCBuildConfiguration section */
		170C8534265D1A8F00222777 /* Debug */ = {
			isa = XCBuildConfiguration;
			buildSettings = {
				ALWAYS_SEARCH_USER_PATHS = NO;
				CLANG_ANALYZER_LOCALIZABILITY_NONLOCALIZED = YES;
				CLANG_ANALYZER_NONNULL = YES;
				CLANG_ANALYZER_NUMBER_OBJECT_CONVERSION = YES_AGGRESSIVE;
				CLANG_CXX_LANGUAGE_STANDARD = "gnu++14";
				CLANG_CXX_LIBRARY = "libc++";
				CLANG_ENABLE_MODULES = YES;
				CLANG_ENABLE_OBJC_ARC = YES;
				CLANG_ENABLE_OBJC_WEAK = YES;
				CLANG_WARN_BLOCK_CAPTURE_AUTORELEASING = YES;
				CLANG_WARN_BOOL_CONVERSION = YES;
				CLANG_WARN_COMMA = YES;
				CLANG_WARN_CONSTANT_CONVERSION = YES;
				CLANG_WARN_DEPRECATED_OBJC_IMPLEMENTATIONS = YES;
				CLANG_WARN_DIRECT_OBJC_ISA_USAGE = YES_ERROR;
				CLANG_WARN_DOCUMENTATION_COMMENTS = YES;
				CLANG_WARN_EMPTY_BODY = YES;
				CLANG_WARN_ENUM_CONVERSION = YES;
				CLANG_WARN_INFINITE_RECURSION = YES;
				CLANG_WARN_INT_CONVERSION = YES;
				CLANG_WARN_NON_LITERAL_NULL_CONVERSION = YES;
				CLANG_WARN_OBJC_IMPLICIT_RETAIN_SELF = YES;
				CLANG_WARN_OBJC_LITERAL_CONVERSION = YES;
				CLANG_WARN_OBJC_ROOT_CLASS = YES_ERROR;
				CLANG_WARN_QUOTED_INCLUDE_IN_FRAMEWORK_HEADER = YES;
				CLANG_WARN_RANGE_LOOP_ANALYSIS = YES;
				CLANG_WARN_STRICT_PROTOTYPES = YES;
				CLANG_WARN_SUSPICIOUS_MOVE = YES;
				CLANG_WARN_UNGUARDED_AVAILABILITY = YES_AGGRESSIVE;
				CLANG_WARN_UNREACHABLE_CODE = YES;
				CLANG_WARN__DUPLICATE_METHOD_MATCH = YES;
				COPY_PHASE_STRIP = NO;
				DEBUG_INFORMATION_FORMAT = dwarf;
				ENABLE_STRICT_OBJC_MSGSEND = YES;
				ENABLE_TESTABILITY = YES;
				GCC_C_LANGUAGE_STANDARD = gnu11;
				GCC_DYNAMIC_NO_PIC = NO;
				GCC_NO_COMMON_BLOCKS = YES;
				GCC_OPTIMIZATION_LEVEL = 0;
				GCC_PREPROCESSOR_DEFINITIONS = (
					"DEBUG=1",
					"$(inherited)",
				);
				GCC_WARN_64_TO_32_BIT_CONVERSION = YES;
				GCC_WARN_ABOUT_RETURN_TYPE = YES_ERROR;
				GCC_WARN_UNDECLARED_SELECTOR = YES;
				GCC_WARN_UNINITIALIZED_AUTOS = YES_AGGRESSIVE;
				GCC_WARN_UNUSED_FUNCTION = YES;
				GCC_WARN_UNUSED_VARIABLE = YES;
				IPHONEOS_DEPLOYMENT_TARGET = 13.0;
				MTL_ENABLE_DEBUG_INFO = INCLUDE_SOURCE;
				MTL_FAST_MATH = YES;
				ONLY_ACTIVE_ARCH = YES;
				SDKROOT = iphoneos;
				SWIFT_ACTIVE_COMPILATION_CONDITIONS = DEBUG;
				SWIFT_OPTIMIZATION_LEVEL = "-Onone";
			};
			name = Debug;
		};
		170C8535265D1A8F00222777 /* Release */ = {
			isa = XCBuildConfiguration;
			buildSettings = {
				ALWAYS_SEARCH_USER_PATHS = NO;
				CLANG_ANALYZER_LOCALIZABILITY_NONLOCALIZED = YES;
				CLANG_ANALYZER_NONNULL = YES;
				CLANG_ANALYZER_NUMBER_OBJECT_CONVERSION = YES_AGGRESSIVE;
				CLANG_CXX_LANGUAGE_STANDARD = "gnu++14";
				CLANG_CXX_LIBRARY = "libc++";
				CLANG_ENABLE_MODULES = YES;
				CLANG_ENABLE_OBJC_ARC = YES;
				CLANG_ENABLE_OBJC_WEAK = YES;
				CLANG_WARN_BLOCK_CAPTURE_AUTORELEASING = YES;
				CLANG_WARN_BOOL_CONVERSION = YES;
				CLANG_WARN_COMMA = YES;
				CLANG_WARN_CONSTANT_CONVERSION = YES;
				CLANG_WARN_DEPRECATED_OBJC_IMPLEMENTATIONS = YES;
				CLANG_WARN_DIRECT_OBJC_ISA_USAGE = YES_ERROR;
				CLANG_WARN_DOCUMENTATION_COMMENTS = YES;
				CLANG_WARN_EMPTY_BODY = YES;
				CLANG_WARN_ENUM_CONVERSION = YES;
				CLANG_WARN_INFINITE_RECURSION = YES;
				CLANG_WARN_INT_CONVERSION = YES;
				CLANG_WARN_NON_LITERAL_NULL_CONVERSION = YES;
				CLANG_WARN_OBJC_IMPLICIT_RETAIN_SELF = YES;
				CLANG_WARN_OBJC_LITERAL_CONVERSION = YES;
				CLANG_WARN_OBJC_ROOT_CLASS = YES_ERROR;
				CLANG_WARN_QUOTED_INCLUDE_IN_FRAMEWORK_HEADER = YES;
				CLANG_WARN_RANGE_LOOP_ANALYSIS = YES;
				CLANG_WARN_STRICT_PROTOTYPES = YES;
				CLANG_WARN_SUSPICIOUS_MOVE = YES;
				CLANG_WARN_UNGUARDED_AVAILABILITY = YES_AGGRESSIVE;
				CLANG_WARN_UNREACHABLE_CODE = YES;
				CLANG_WARN__DUPLICATE_METHOD_MATCH = YES;
				COPY_PHASE_STRIP = NO;
				DEBUG_INFORMATION_FORMAT = "dwarf-with-dsym";
				ENABLE_NS_ASSERTIONS = NO;
				ENABLE_STRICT_OBJC_MSGSEND = YES;
				GCC_C_LANGUAGE_STANDARD = gnu11;
				GCC_NO_COMMON_BLOCKS = YES;
				GCC_WARN_64_TO_32_BIT_CONVERSION = YES;
				GCC_WARN_ABOUT_RETURN_TYPE = YES_ERROR;
				GCC_WARN_UNDECLARED_SELECTOR = YES;
				GCC_WARN_UNINITIALIZED_AUTOS = YES_AGGRESSIVE;
				GCC_WARN_UNUSED_FUNCTION = YES;
				GCC_WARN_UNUSED_VARIABLE = YES;
				IPHONEOS_DEPLOYMENT_TARGET = 13.0;
				MTL_ENABLE_DEBUG_INFO = NO;
				MTL_FAST_MATH = YES;
				SDKROOT = iphoneos;
				SWIFT_COMPILATION_MODE = wholemodule;
				SWIFT_OPTIMIZATION_LEVEL = "-O";
				VALIDATE_PRODUCT = YES;
			};
			name = Release;
		};
		170C8537265D1A8F00222777 /* Debug */ = {
			isa = XCBuildConfiguration;
			buildSettings = {
				ASSETCATALOG_COMPILER_APPICON_NAME = AppIcon;
				ASSETCATALOG_COMPILER_GLOBAL_ACCENT_COLOR_NAME = AccentColor;
				CLANG_ENABLE_MODULES = YES;
				CODE_SIGN_STYLE = Automatic;
				DEVELOPMENT_TEAM = Q77G9L4656;
				INFOPLIST_FILE = SimCalc/Info.plist;
				IPHONEOS_DEPLOYMENT_TARGET = 13.0;
				LD_RUNPATH_SEARCH_PATHS = (
					"$(inherited)",
					"@executable_path/Frameworks",
				);
				PRODUCT_BUNDLE_IDENTIFIER = com.dy.SimCalc;
				PRODUCT_NAME = "$(TARGET_NAME)";
				SWIFT_OBJC_BRIDGING_HEADER = "SimCalc/SimCalc-Bridging-Header.h";
				SWIFT_OPTIMIZATION_LEVEL = "-Onone";
				SWIFT_VERSION = 5.0;
				TARGETED_DEVICE_FAMILY = "1,2";
			};
			name = Debug;
		};
		170C8538265D1A8F00222777 /* Release */ = {
			isa = XCBuildConfiguration;
			buildSettings = {
				ASSETCATALOG_COMPILER_APPICON_NAME = AppIcon;
				ASSETCATALOG_COMPILER_GLOBAL_ACCENT_COLOR_NAME = AccentColor;
				CLANG_ENABLE_MODULES = YES;
				CODE_SIGN_STYLE = Automatic;
				DEVELOPMENT_TEAM = Q77G9L4656;
				INFOPLIST_FILE = SimCalc/Info.plist;
				IPHONEOS_DEPLOYMENT_TARGET = 13.0;
				LD_RUNPATH_SEARCH_PATHS = (
					"$(inherited)",
					"@executable_path/Frameworks",
				);
				PRODUCT_BUNDLE_IDENTIFIER = com.dy.SimCalc;
				PRODUCT_NAME = "$(TARGET_NAME)";
				SWIFT_OBJC_BRIDGING_HEADER = "SimCalc/SimCalc-Bridging-Header.h";
				SWIFT_VERSION = 5.0;
				TARGETED_DEVICE_FAMILY = "1,2";
			};
			name = Release;
		};
/* End XCBuildConfiguration section */

/* Begin XCConfigurationList section */
		170C851D265D1A8E00222777 /* Build configuration list for PBXProject "SimCalc" */ = {
			isa = XCConfigurationList;
			buildConfigurations = (
				170C8534265D1A8F00222777 /* Debug */,
				170C8535265D1A8F00222777 /* Release */,
			);
			defaultConfigurationIsVisible = 0;
			defaultConfigurationName = Release;
		};
		170C8536265D1A8F00222777 /* Build configuration list for PBXNativeTarget "SimCalc" */ = {
			isa = XCConfigurationList;
			buildConfigurations = (
				170C8537265D1A8F00222777 /* Debug */,
				170C8538265D1A8F00222777 /* Release */,
			);
			defaultConfigurationIsVisible = 0;
			defaultConfigurationName = Release;
		};
/* End XCConfigurationList section */

/* Begin XCVersionGroup section */
		177D598A26720D0900612352 /* HistoryModel.xcdatamodeld */ = {
			isa = XCVersionGroup;
			children = (
				177D598B26720D0900612352 /* HistoryModel.xcdatamodel */,
			);
			currentVersion = 177D598B26720D0900612352 /* HistoryModel.xcdatamodel */;
			path = HistoryModel.xcdatamodeld;
			sourceTree = "<group>";
			versionGroupType = wrapper.xcdatamodel;
		};
/* End XCVersionGroup section */
	};
	rootObject = 170C851A265D1A8E00222777 /* Project object */;
}
